
Microsoft Visual Studio Solution File, Format Version 12.00
Project("{FAE04EC0-301F-11D3-BF4B-00C04F79EFBC}") = "Tester.Db", "Domain\Tester.Db\Tester.Db.csproj", "{3A7BB05C-391D-41A0-A154-D7556BDD0442}"
EndProject
Project("{FAE04EC0-301F-11D3-BF4B-00C04F79EFBC}") = "Tester.Infrastructure", "Domain\Tester.Infrastructure\Tester.Infrastructure.csproj", "{5A59A014-0516-4742-9D99-7D47E9676574}"
EndProject
Project("{2150E333-8FDC-42A3-9474-1A3956D46DE8}") = "Domain", "Domain", "{D1A7ECC2-5483-4D34-8796-F2AF89EBF2D8}"
EndProject
Project("{2150E333-8FDC-42A3-9474-1A3956D46DE8}") = "Web", "Web", "{5EF5ECA5-0F6E-4D9A-B133-9560A58DB6A4}"
EndProject
Project("{FAE04EC0-301F-11D3-BF4B-00C04F79EFBC}") = "Tester.Web.Admin", "Web\Tester.Web.Admin\Tester.Web.Admin.csproj", "{573B5E09-81DA-4F4E-86CD-3203307F1AD9}"
EndProject
Project("{2150E333-8FDC-42A3-9474-1A3956D46DE8}") = "Tools", "Tools", "{78952E8C-6353-4214-81CF-434375E09A74}"
EndProject
Project("{FAE04EC0-301F-11D3-BF4B-00C04F79EFBC}") = "Tester.Migrator", "Tools\Tester.Migrator\Tester.Migrator.csproj", "{A8483CA5-4580-447F-AE2A-AA32FE085FA6}"
EndProject
Project("{FAE04EC0-301F-11D3-BF4B-00C04F79EFBC}") = "Tester.Core", "Domain\Tester.Core\Tester.Core.csproj", "{F90BE6FE-B949-4E4C-8128-191B7184C11C}"
EndProject
Project("{FAE04EC0-301F-11D3-BF4B-00C04F79EFBC}") = "Tester.Dto", "Domain\Tester.Dto\Tester.Dto.csproj", "{6BFB546A-24DF-46A2-89BC-B16BB580DB10}"
EndProject
Project("{2150E333-8FDC-42A3-9474-1A3956D46DE8}") = "Tests", "Tests", "{5F33B61E-C95E-458D-8550-7737279941AC}"
EndProject
Project("{FAE04EC0-301F-11D3-BF4B-00C04F79EFBC}") = "Tester.Tests.Unit", "Tests\Tester.Tests.Unit\Tester.Tests.Unit.csproj", "{6D810517-93E9-45E8-97E7-A59FC2DC87E9}"
EndProject
Project("{FAE04EC0-301F-11D3-BF4B-00C04F79EFBC}") = "Tester.Auth", "Domain\Tester.Auth\Tester.Auth.csproj", "{96BC8C54-0807-4A8C-8505-FA49AAC6EC67}"
EndProject
Project("{FAE04EC0-301F-11D3-BF4B-00C04F79EFBC}") = "Tester.Web.Broker", "Web\Tester.Web.Broker\Tester.Web.Broker.csproj", "{1577A13C-11A3-4456-B160-A7933D003590}"
EndProject
Project("{FAE04EC0-301F-11D3-BF4B-00C04F79EFBC}") = "Tester.TestDataGenerator", "Tools\Tester.TestDataGenerator\Tester.TestDataGenerator.csproj", "{3242A4CB-FFDE-4549-942B-0AA4776FB1F3}"
EndProject
Project("{2150E333-8FDC-42A3-9474-1A3956D46DE8}") = "UI", "UI", "{4B57C2AF-9293-43B8-AE56-EE6C0307DAF8}"
EndProject
Project("{FAE04EC0-301F-11D3-BF4B-00C04F79EFBC}") = "Tester.UI.TesterUI", "Tester.UI.TesterUI\Tester.UI.TesterUI.csproj", "{6C704580-EE82-4EDF-A84C-A1CAB227EF72}"
EndProject
Project("{FAE04EC0-301F-11D3-BF4B-00C04F79EFBC}") = "Tester.Web.Auth", "Web\Tester.Web.Auth\Tester.Web.Auth.csproj", "{5B741C9E-E52A-4901-B458-0CF481A83E6D}"
EndProject
Project("{FAE04EC0-301F-11D3-BF4B-00C04F79EFBC}") = "Tester.Web.Core", "Web\Tester.Web.Core\Tester.Web.Core.csproj", "{F12EDE7D-52D4-407E-842E-600EA24179B2}"
EndProject
Global
	GlobalSection(SolutionConfigurationPlatforms) = preSolution
		Debug|Any CPU = Debug|Any CPU
		Release|Any CPU = Release|Any CPU
	EndGlobalSection
	GlobalSection(ProjectConfigurationPlatforms) = postSolution
		{3A7BB05C-391D-41A0-A154-D7556BDD0442}.Debug|Any CPU.ActiveCfg = Debug|Any CPU
		{3A7BB05C-391D-41A0-A154-D7556BDD0442}.Debug|Any CPU.Build.0 = Debug|Any CPU
		{3A7BB05C-391D-41A0-A154-D7556BDD0442}.Release|Any CPU.ActiveCfg = Release|Any CPU
		{3A7BB05C-391D-41A0-A154-D7556BDD0442}.Release|Any CPU.Build.0 = Release|Any CPU
		{5A59A014-0516-4742-9D99-7D47E9676574}.Debug|Any CPU.ActiveCfg = Debug|Any CPU
		{5A59A014-0516-4742-9D99-7D47E9676574}.Debug|Any CPU.Build.0 = Debug|Any CPU
		{5A59A014-0516-4742-9D99-7D47E9676574}.Release|Any CPU.ActiveCfg = Release|Any CPU
		{5A59A014-0516-4742-9D99-7D47E9676574}.Release|Any CPU.Build.0 = Release|Any CPU
		{573B5E09-81DA-4F4E-86CD-3203307F1AD9}.Debug|Any CPU.ActiveCfg = Debug|Any CPU
		{573B5E09-81DA-4F4E-86CD-3203307F1AD9}.Debug|Any CPU.Build.0 = Debug|Any CPU
		{573B5E09-81DA-4F4E-86CD-3203307F1AD9}.Release|Any CPU.ActiveCfg = Release|Any CPU
		{573B5E09-81DA-4F4E-86CD-3203307F1AD9}.Release|Any CPU.Build.0 = Release|Any CPU
		{A8483CA5-4580-447F-AE2A-AA32FE085FA6}.Debug|Any CPU.ActiveCfg = Debug|Any CPU
		{A8483CA5-4580-447F-AE2A-AA32FE085FA6}.Debug|Any CPU.Build.0 = Debug|Any CPU
		{A8483CA5-4580-447F-AE2A-AA32FE085FA6}.Release|Any CPU.ActiveCfg = Release|Any CPU
		{A8483CA5-4580-447F-AE2A-AA32FE085FA6}.Release|Any CPU.Build.0 = Release|Any CPU
		{F90BE6FE-B949-4E4C-8128-191B7184C11C}.Debug|Any CPU.ActiveCfg = Debug|Any CPU
		{F90BE6FE-B949-4E4C-8128-191B7184C11C}.Debug|Any CPU.Build.0 = Debug|Any CPU
		{F90BE6FE-B949-4E4C-8128-191B7184C11C}.Release|Any CPU.ActiveCfg = Release|Any CPU
		{F90BE6FE-B949-4E4C-8128-191B7184C11C}.Release|Any CPU.Build.0 = Release|Any CPU
		{6BFB546A-24DF-46A2-89BC-B16BB580DB10}.Debug|Any CPU.ActiveCfg = Debug|Any CPU
		{6BFB546A-24DF-46A2-89BC-B16BB580DB10}.Debug|Any CPU.Build.0 = Debug|Any CPU
		{6BFB546A-24DF-46A2-89BC-B16BB580DB10}.Release|Any CPU.ActiveCfg = Release|Any CPU
		{6BFB546A-24DF-46A2-89BC-B16BB580DB10}.Release|Any CPU.Build.0 = Release|Any CPU
		{6D810517-93E9-45E8-97E7-A59FC2DC87E9}.Debug|Any CPU.ActiveCfg = Debug|Any CPU
		{6D810517-93E9-45E8-97E7-A59FC2DC87E9}.Debug|Any CPU.Build.0 = Debug|Any CPU
		{6D810517-93E9-45E8-97E7-A59FC2DC87E9}.Release|Any CPU.ActiveCfg = Release|Any CPU
		{6D810517-93E9-45E8-97E7-A59FC2DC87E9}.Release|Any CPU.Build.0 = Release|Any CPU
		{96BC8C54-0807-4A8C-8505-FA49AAC6EC67}.Debug|Any CPU.ActiveCfg = Debug|Any CPU
		{96BC8C54-0807-4A8C-8505-FA49AAC6EC67}.Debug|Any CPU.Build.0 = Debug|Any CPU
		{96BC8C54-0807-4A8C-8505-FA49AAC6EC67}.Release|Any CPU.ActiveCfg = Release|Any CPU
		{96BC8C54-0807-4A8C-8505-FA49AAC6EC67}.Release|Any CPU.Build.0 = Release|Any CPU
		{1577A13C-11A3-4456-B160-A7933D003590}.Debug|Any CPU.ActiveCfg = Debug|Any CPU
		{1577A13C-11A3-4456-B160-A7933D003590}.Debug|Any CPU.Build.0 = Debug|Any CPU
		{1577A13C-11A3-4456-B160-A7933D003590}.Release|Any CPU.ActiveCfg = Release|Any CPU
		{1577A13C-11A3-4456-B160-A7933D003590}.Release|Any CPU.Build.0 = Release|Any CPU
		{3242A4CB-FFDE-4549-942B-0AA4776FB1F3}.Debug|Any CPU.ActiveCfg = Debug|Any CPU
		{3242A4CB-FFDE-4549-942B-0AA4776FB1F3}.Debug|Any CPU.Build.0 = Debug|Any CPU
		{3242A4CB-FFDE-4549-942B-0AA4776FB1F3}.Release|Any CPU.ActiveCfg = Release|Any CPU
		{3242A4CB-FFDE-4549-942B-0AA4776FB1F3}.Release|Any CPU.Build.0 = Release|Any CPU
		{6C704580-EE82-4EDF-A84C-A1CAB227EF72}.Debug|Any CPU.ActiveCfg = Debug|Any CPU
		{6C704580-EE82-4EDF-A84C-A1CAB227EF72}.Debug|Any CPU.Build.0 = Debug|Any CPU
		{6C704580-EE82-4EDF-A84C-A1CAB227EF72}.Release|Any CPU.ActiveCfg = Release|Any CPU
		{6C704580-EE82-4EDF-A84C-A1CAB227EF72}.Release|Any CPU.Build.0 = Release|Any CPU
		{5B741C9E-E52A-4901-B458-0CF481A83E6D}.Debug|Any CPU.ActiveCfg = Debug|Any CPU
		{5B741C9E-E52A-4901-B458-0CF481A83E6D}.Debug|Any CPU.Build.0 = Debug|Any CPU
		{5B741C9E-E52A-4901-B458-0CF481A83E6D}.Release|Any CPU.ActiveCfg = Release|Any CPU
		{5B741C9E-E52A-4901-B458-0CF481A83E6D}.Release|Any CPU.Build.0 = Release|Any CPU
		{F12EDE7D-52D4-407E-842E-600EA24179B2}.Debug|Any CPU.ActiveCfg = Debug|Any CPU
		{F12EDE7D-52D4-407E-842E-600EA24179B2}.Debug|Any CPU.Build.0 = Debug|Any CPU
		{F12EDE7D-52D4-407E-842E-600EA24179B2}.Release|Any CPU.ActiveCfg = Release|Any CPU
		{F12EDE7D-52D4-407E-842E-600EA24179B2}.Release|Any CPU.Build.0 = Release|Any CPU
	EndGlobalSection
	GlobalSection(NestedProjects) = preSolution
		{3A7BB05C-391D-41A0-A154-D7556BDD0442} = {D1A7ECC2-5483-4D34-8796-F2AF89EBF2D8}
		{5A59A014-0516-4742-9D99-7D47E9676574} = {D1A7ECC2-5483-4D34-8796-F2AF89EBF2D8}
		{573B5E09-81DA-4F4E-86CD-3203307F1AD9} = {5EF5ECA5-0F6E-4D9A-B133-9560A58DB6A4}
		{A8483CA5-4580-447F-AE2A-AA32FE085FA6} = {78952E8C-6353-4214-81CF-434375E09A74}
		{F90BE6FE-B949-4E4C-8128-191B7184C11C} = {D1A7ECC2-5483-4D34-8796-F2AF89EBF2D8}
		{6BFB546A-24DF-46A2-89BC-B16BB580DB10} = {D1A7ECC2-5483-4D34-8796-F2AF89EBF2D8}
		{6D810517-93E9-45E8-97E7-A59FC2DC87E9} = {5F33B61E-C95E-458D-8550-7737279941AC}
		{96BC8C54-0807-4A8C-8505-FA49AAC6EC67} = {D1A7ECC2-5483-4D34-8796-F2AF89EBF2D8}
		{1577A13C-11A3-4456-B160-A7933D003590} = {5EF5ECA5-0F6E-4D9A-B133-9560A58DB6A4}
		{3242A4CB-FFDE-4549-942B-0AA4776FB1F3} = {78952E8C-6353-4214-81CF-434375E09A74}
		{6C704580-EE82-4EDF-A84C-A1CAB227EF72} = {4B57C2AF-9293-43B8-AE56-EE6C0307DAF8}
		{5B741C9E-E52A-4901-B458-0CF481A83E6D} = {5EF5ECA5-0F6E-4D9A-B133-9560A58DB6A4}
		{F12EDE7D-52D4-407E-842E-600EA24179B2} = {5EF5ECA5-0F6E-4D9A-B133-9560A58DB6A4}
	EndGlobalSection
EndGlobal
